
Microsoft Visual Studio Solution File, Format Version 12.00
# Visual Studio Version 17
VisualStudioVersion = 17.14.36109.1 d17.14
MinimumVisualStudioVersion = 10.0.40219.1
Project("{FAE04EC0-301F-11D3-BF4B-00C04F79EFBC}") = "OnlineLearningPlatform", "OnlineLearningPlatform\OnlineLearningPlatform.csproj", "{8911C07C-1EA9-466A-875E-DB41C232A722}"
EndProject
Global
	GlobalSection(SolutionConfigurationPlatforms) = preSolution
		Debug|Any CPU = Debug|Any CPU
		Release|Any CPU = Release|Any CPU
	EndGlobalSection
	GlobalSection(ProjectConfigurationPlatforms) = postSolution
		{8911C07C-1EA9-466A-875E-DB41C232A722}.Debug|Any CPU.ActiveCfg = Debug|Any CPU
		{8911C07C-1EA9-466A-875E-DB41C232A722}.Debug|Any CPU.Build.0 = Debug|Any CPU
		{8911C07C-1EA9-466A-875E-DB41C232A722}.Release|Any CPU.ActiveCfg = Release|Any CPU
		{8911C07C-1EA9-466A-875E-DB41C232A722}.Release|Any CPU.Build.0 = Release|Any CPU
	EndGlobalSection
	GlobalSection(SolutionProperties) = preSolution
		HideSolutionNode = FALSE
	EndGlobalSection
	GlobalSection(ExtensibilityGlobals) = postSolution
		SolutionGuid = {F365411D-D208-4E46-A22C-E60848BD2429}
	EndGlobalSection
EndGlobal
